<?xml version="1.0" encoding="utf-8"?>
<Project ToolsVersion="4.0" xmlns="http://schemas.microsoft.com/developer/msbuild/2003">
  <ItemGroup>
    <ClCompile Include="stdafx.cpp" />
    <ClCompile Include="Main.cpp">
      <Filter>Main</Filter>
    </ClCompile>
    <ClCompile Include="Exception.cpp">
      <Filter>Util</Filter>
    </ClCompile>
    <ClCompile Include="Scheduler.cpp">
      <Filter>Util</Filter>
    </ClCompile>
    <ClCompile Include="ThreadLocal.cpp">
      <Filter>Util</Filter>
    </ClCompile>
    <ClCompile Include="DatabaseJobContext.cpp">
      <Filter>DB</Filter>
    </ClCompile>
    <ClCompile Include="DatabaseJobManager.cpp">
      <Filter>DB</Filter>
    </ClCompile>
    <ClCompile Include="DbHelper.cpp">
      <Filter>DB</Filter>
    </ClCompile>
    <ClCompile Include="PacketHandling.cpp">
      <Filter>Network</Filter>
    </ClCompile>
    <ClCompile Include="sqlite3.c">
      <Filter>DB</Filter>
    </ClCompile>
    <ClCompile Include="ClientManager.cpp">
      <Filter>Client</Filter>
    </ClCompile>
    <ClCompile Include="ClientSession.cpp">
      <Filter>Client</Filter>
    </ClCompile>
    <ClCompile Include="GameRoom.cpp">
      <Filter>Game</Filter>
    </ClCompile>
    <ClCompile Include="Game.cpp">
      <Filter>Game</Filter>
    </ClCompile>
    <ClCompile Include="GameManager.cpp">
      <Filter>Game</Filter>
    </ClCompile>
    <ClCompile Include="CircularBuffer.cpp">
      <Filter>Util</Filter>
    </ClCompile>
    <ClCompile Include="Skill.cpp">
      <Filter>Game\Component\Skill</Filter>
    </ClCompile>
    <ClCompile Include="Map.cpp">
      <Filter>Game\Component\Map</Filter>
    </ClCompile>
    <ClCompile Include="Player.cpp">
      <Filter>Game\Component\Player</Filter>
    </ClCompile>
    <ClCompile Include="ContactListener.cpp">
      <Filter>Game</Filter>
    </ClCompile>
    <ClCompile Include="Missile.cpp">
      <Filter>Game\Component\Unit\Missile</Filter>
    </ClCompile>
    <ClCompile Include="Hero.cpp">
      <Filter>Game\Component\Unit\Hero</Filter>
    </ClCompile>
    <ClCompile Include="Unit.cpp">
      <Filter>Game\Component\Unit</Filter>
    </ClCompile>
    <ClCompile Include="Magician.cpp">
      <Filter>Game\Component\Unit\Hero</Filter>
    </ClCompile>
    <ClCompile Include="FireballSkill.cpp">
      <Filter>Game\Component\Skill\Magician Skill</Filter>
    </ClCompile>
    <ClCompile Include="IceballSkill.cpp">
      <Filter>Game\Component\Skill\Magician Skill</Filter>
    </ClCompile>
    <ClCompile Include="LightningSkill.cpp">
      <Filter>Game\Component\Skill\Jupiter Skill</Filter>
    </ClCompile>
    <ClCompile Include="SparkSkill.cpp">
      <Filter>Game\Component\Skill\Jupiter Skill</Filter>
    </ClCompile>
    <ClCompile Include="TeleportSkill.cpp">
      <Filter>Game\Component\Skill\Magician Skill</Filter>
    </ClCompile>
    <ClCompile Include="MapObject.cpp">
      <Filter>Game\Component\Unit\Obstruct</Filter>
    </ClCompile>
    <ClCompile Include="FlashSkill.cpp">
      <Filter>Game\Component\Skill\Jupiter Skill</Filter>
    </ClCompile>
    <ClCompile Include="Jupiter.cpp">
      <Filter>Game\Component\Unit\Hero</Filter>
    </ClCompile>
    <ClCompile Include="Rock.cpp">
      <Filter>Game\Component\Unit\Obstruct</Filter>
    </ClCompile>
    <ClCompile Include="Laphinx.cpp">
      <Filter>Game\Component\Unit\Hero</Filter>
    </ClCompile>
    <ClCompile Include="MoveRock.cpp">
      <Filter>Game\Component\Unit\Obstruct</Filter>
    </ClCompile>
    <ClCompile Include="ShootType.cpp">
      <Filter>Game\Component\Skill</Filter>
    </ClCompile>
    <ClCompile Include="FieldType.cpp">
      <Filter>Game\Component\Skill</Filter>
    </ClCompile>
    <ClCompile Include="SwipeSKill.cpp">
      <Filter>Game\Component\Skill\Laphinx Skill</Filter>
    </ClCompile>
    <ClCompile Include="Mob.cpp">
      <Filter>Game\Component\Unit\Mob</Filter>
    </ClCompile>
    <ClCompile Include="AdrenalineSkill.cpp">
      <Filter>Game\Component\Skill\Laphinx Skill</Filter>
    </ClCompile>
    <ClCompile Include="HideSkill.cpp">
      <Filter>Game\Component\Skill\Laphinx Skill</Filter>
    </ClCompile>
    <ClCompile Include="FSM.cpp">
      <Filter>Game\Component\Unit</Filter>
    </ClCompile>
    <ClCompile Include="Lava.cpp">
      <Filter>Game\Component\Unit\Obstruct</Filter>
    </ClCompile>
    <ClCompile Include="Lava_Damage.cpp">
      <Filter>Game\Component\Skill\Lava Damage</Filter>
    </ClCompile>
    <ClCompile Include="MeteorSkill.cpp">
      <Filter>Game\Component\Skill\Laphinx Skill</Filter>
    </ClCompile>
    <ClCompile Include="ShortDashSkill.cpp">
      <Filter>Game\Component\Skill\Laphinx Skill</Filter>
    </ClCompile>
    <ClCompile Include="BuffType.cpp">
      <Filter>Game\Component\Skill</Filter>
    </ClCompile>
    <ClCompile Include="Timer.cpp">
      <Filter>Game\Component</Filter>
    </ClCompile>
    <ClCompile Include="WaveSystem.cpp">
      <Filter>Game\Component</Filter>
    </ClCompile>
  </ItemGroup>
  <ItemGroup>
    <ClInclude Include="stdafx.h" />
    <ClInclude Include="targetver.h" />
    <ClInclude Include="Main.h">
      <Filter>Main</Filter>
    </ClInclude>
    <ClInclude Include="Exception.h">
      <Filter>Util</Filter>
    </ClInclude>
    <ClInclude Include="ObjectPool.h">
      <Filter>Util</Filter>
    </ClInclude>
    <ClInclude Include="RefCountable.h">
      <Filter>Util</Filter>
    </ClInclude>
    <ClInclude Include="Scheduler.h">
      <Filter>Util</Filter>
    </ClInclude>
    <ClInclude Include="ThreadLocal.h">
      <Filter>Util</Filter>
    </ClInclude>
    <ClInclude Include="DatabaseJobContext.h">
      <Filter>DB</Filter>
    </ClInclude>
    <ClInclude Include="DatabaseJobManager.h">
      <Filter>DB</Filter>
    </ClInclude>
    <ClInclude Include="DbHelper.h">
      <Filter>DB</Filter>
    </ClInclude>
    <ClInclude Include="..\..\PacketType.h">
      <Filter>Network</Filter>
    </ClInclude>
    <ClInclude Include="sqlite3.h">
      <Filter>DB</Filter>
    </ClInclude>
    <ClInclude Include="sqlite3ext.h">
      <Filter>DB</Filter>
    </ClInclude>
    <ClInclude Include="SQLStatement.h">
      <Filter>DB</Filter>
    </ClInclude>
    <ClInclude Include="ProducerConsumerQueue.h">
      <Filter>Util</Filter>
    </ClInclude>
    <ClInclude Include="ClientManager.h">
      <Filter>Client</Filter>
    </ClInclude>
    <ClInclude Include="ClientSession.h">
      <Filter>Client</Filter>
    </ClInclude>
    <ClInclude Include="Config.h">
      <Filter>Main</Filter>
    </ClInclude>
    <ClInclude Include="GameRoom.h">
      <Filter>Game</Filter>
    </ClInclude>
    <ClInclude Include="Game.h">
      <Filter>Game</Filter>
    </ClInclude>
    <ClInclude Include="GameManager.h">
      <Filter>Game</Filter>
    </ClInclude>
    <ClInclude Include="CircularBuffer.h">
      <Filter>Util</Filter>
    </ClInclude>
    <ClInclude Include="Skill.h">
      <Filter>Game\Component\Skill</Filter>
    </ClInclude>
    <ClInclude Include="Map.h">
      <Filter>Game\Component\Map</Filter>
    </ClInclude>
    <ClInclude Include="Player.h">
      <Filter>Game\Component\Player</Filter>
    </ClInclude>
    <ClInclude Include="ContactListener.h">
      <Filter>Game</Filter>
    </ClInclude>
    <ClInclude Include="Missile.h">
      <Filter>Game\Component\Unit\Missile</Filter>
    </ClInclude>
    <ClInclude Include="Hero.h">
      <Filter>Game\Component\Unit\Hero</Filter>
    </ClInclude>
    <ClInclude Include="Unit.h">
      <Filter>Game\Component\Unit</Filter>
    </ClInclude>
    <ClInclude Include="Magician.h">
      <Filter>Game\Component\Unit\Hero</Filter>
    </ClInclude>
    <ClInclude Include="Macros.h">
      <Filter>Main</Filter>
    </ClInclude>
    <ClInclude Include="Jupiter.h">
      <Filter>Game\Component\Unit\Hero</Filter>
    </ClInclude>
    <ClInclude Include="FireballSkill.h">
      <Filter>Game\Component\Skill\Magician Skill</Filter>
    </ClInclude>
    <ClInclude Include="IceballSkill.h">
      <Filter>Game\Component\Skill\Magician Skill</Filter>
    </ClInclude>
    <ClInclude Include="LightningSkill.h">
      <Filter>Game\Component\Skill\Jupiter Skill</Filter>
    </ClInclude>
    <ClInclude Include="SparkSkill.h">
      <Filter>Game\Component\Skill\Jupiter Skill</Filter>
    </ClInclude>
    <ClInclude Include="TeleportSkill.h">
      <Filter>Game\Component\Skill\Magician Skill</Filter>
    </ClInclude>
    <ClInclude Include="MapObject.h">
      <Filter>Game\Component\Unit\Obstruct</Filter>
    </ClInclude>
    <ClInclude Include="FlashSkill.h">
      <Filter>Game\Component\Skill\Jupiter Skill</Filter>
    </ClInclude>
    <ClInclude Include="Rock.h">
      <Filter>Game\Component\Unit\Obstruct</Filter>
    </ClInclude>
    <ClInclude Include="Laphinx.h">
      <Filter>Game\Component\Unit\Hero</Filter>
    </ClInclude>
    <ClInclude Include="MoveRock.h">
      <Filter>Game\Component\Unit\Obstruct</Filter>
    </ClInclude>
    <ClInclude Include="ShootType.h">
      <Filter>Game\Component\Skill</Filter>
    </ClInclude>
    <ClInclude Include="FieldType.h">
      <Filter>Game\Component\Skill</Filter>
    </ClInclude>
    <ClInclude Include="SwipeSKill.h">
      <Filter>Game\Component\Skill\Laphinx Skill</Filter>
    </ClInclude>
    <ClInclude Include="Mob.h">
      <Filter>Game\Component\Unit\Mob</Filter>
    </ClInclude>
    <ClInclude Include="AdrenalineSkill.h">
      <Filter>Game\Component\Skill\Laphinx Skill</Filter>
    </ClInclude>
    <ClInclude Include="HideSkill.h">
      <Filter>Game\Component\Skill\Laphinx Skill</Filter>
    </ClInclude>
    <ClInclude Include="..\..\Shared\FSM.h">
      <Filter>Game\Component\Unit</Filter>
    </ClInclude>
    <ClInclude Include="Lava.h">
      <Filter>Game\Component\Unit\Obstruct</Filter>
    </ClInclude>
    <ClInclude Include="Lava_Damage.h">
      <Filter>Game\Component\Skill\Lava Damage</Filter>
    </ClInclude>
    <ClInclude Include="MeteorSkill.h">
      <Filter>Game\Component\Skill\Laphinx Skill</Filter>
    </ClInclude>
    <ClInclude Include="ShortDashSkill.h">
      <Filter>Game\Component\Skill\Laphinx Skill</Filter>
    </ClInclude>
    <ClInclude Include="BuffType.h">
      <Filter>Game\Component\Skill</Filter>
    </ClInclude>
    <ClInclude Include="Timer.h">
      <Filter>Game\Component</Filter>
    </ClInclude>
    <ClInclude Include="WaveSystem.h">
      <Filter>Game\Component</Filter>
    </ClInclude>
  </ItemGroup>
  <ItemGroup>
    <Text Include="ReadMe.txt" />
  </ItemGroup>
  <ItemGroup>
    <Filter Include="Main">
      <UniqueIdentifier>{90531235-95eb-4406-9294-73bcf1371de5}</UniqueIdentifier>
    </Filter>
    <Filter Include="Util">
      <UniqueIdentifier>{082cacc1-3dbd-40fa-b62b-45901b6c80a7}</UniqueIdentifier>
    </Filter>
    <Filter Include="DB">
      <UniqueIdentifier>{13d22ebf-6590-44d3-abcb-4a71ebdd6ec2}</UniqueIdentifier>
    </Filter>
    <Filter Include="Network">
      <UniqueIdentifier>{35437880-75f3-45de-a5a9-55a4229a8c88}</UniqueIdentifier>
    </Filter>
    <Filter Include="Client">
      <UniqueIdentifier>{24d915b5-b3cf-4798-ada4-27a668da7932}</UniqueIdentifier>
    </Filter>
    <Filter Include="Game">
      <UniqueIdentifier>{bf38a9ee-8db2-4b27-97a7-3df4c0d1d0ae}</UniqueIdentifier>
    </Filter>
    <Filter Include="Game\Component">
      <UniqueIdentifier>{99f3dd0a-ec03-4362-ab85-1d24bf5c2587}</UniqueIdentifier>
    </Filter>
    <Filter Include="Game\Component\Skill">
      <UniqueIdentifier>{927f6ed7-f725-42d4-9663-ae8c30d6a231}</UniqueIdentifier>
    </Filter>
    <Filter Include="Game\Component\Map">
      <UniqueIdentifier>{d7f54ea7-95af-4a55-810e-490c3e4940b6}</UniqueIdentifier>
    </Filter>
    <Filter Include="Game\Component\Player">
      <UniqueIdentifier>{ceeca51b-63ee-405f-a8c4-8a050704df25}</UniqueIdentifier>
    </Filter>
    <Filter Include="Game\Component\Skill\Magician Skill">
      <UniqueIdentifier>{0b2d8b3f-97a8-43c9-acc2-7f5bd0e0195e}</UniqueIdentifier>
    </Filter>
    <Filter Include="Game\Component\Skill\Jupiter Skill">
      <UniqueIdentifier>{8112a03f-e1bf-4233-bead-0827f5bd06c3}</UniqueIdentifier>
    </Filter>
    <Filter Include="Game\Component\Skill\Laphinx Skill">
      <UniqueIdentifier>{2f071bf6-50a6-4cdc-ad79-76bc56f35ca5}</UniqueIdentifier>
    </Filter>
    <Filter Include="Game\Component\Unit">
      <UniqueIdentifier>{5df08bf3-c4f7-45cf-8899-033d74719a18}</UniqueIdentifier>
    </Filter>
    <Filter Include="Game\Component\Unit\Hero">
      <UniqueIdentifier>{c3bc629c-e021-453a-ae25-e541fbeab5db}</UniqueIdentifier>
    </Filter>
    <Filter Include="Game\Component\Unit\Obstruct">
      <UniqueIdentifier>{62122c1a-450e-4572-8e87-7351e50881eb}</UniqueIdentifier>
    </Filter>
    <Filter Include="Game\Component\Unit\Missile">
      <UniqueIdentifier>{acd95774-9987-485c-a89c-b2810c0d478d}</UniqueIdentifier>
    </Filter>
    <Filter Include="Game\Component\Unit\Mob">
      <UniqueIdentifier>{4948f4fb-cbed-4d7e-a5e0-1b1d33adf779}</UniqueIdentifier>
    </Filter>
    <Filter Include="Game\Component\Skill\Lava Damage">
      <UniqueIdentifier>{2f367189-6f70-492f-ab31-56254f1965d0}</UniqueIdentifier>
    </Filter>
  </ItemGroup>
</Project>