<?xml version="1.0" encoding="utf-8"?>
<Project ToolsVersion="4.0" xmlns="http://schemas.microsoft.com/developer/msbuild/2003">
  <ItemGroup>
    <Filter Include="Base">
      <UniqueIdentifier>{8726c443-7e6e-4353-8555-644c911f9edc}</UniqueIdentifier>
    </Filter>
    <Filter Include="Base\win32">
      <UniqueIdentifier>{84a8ebd7-7cf0-47f6-b75e-d441df67da40}</UniqueIdentifier>
    </Filter>
    <Filter Include="Base\resource">
      <UniqueIdentifier>{715254bc-d70b-4ec5-bf29-467dd3ace079}</UniqueIdentifier>
    </Filter>
    <Filter Include="Base\src">
      <UniqueIdentifier>{bb6c862e-70e9-49d9-81b7-3829a6f50471}</UniqueIdentifier>
    </Filter>
    <Filter Include="Game">
      <UniqueIdentifier>{f6fc131e-e739-4743-992a-8d35b9e86aa0}</UniqueIdentifier>
    </Filter>
    <Filter Include="Game\Manager">
      <UniqueIdentifier>{04a48203-df7a-4d28-9480-f145cd0e2b56}</UniqueIdentifier>
    </Filter>
    <Filter Include="Game\UI">
      <UniqueIdentifier>{0f86f7cb-b498-46a4-98e3-ac1718b54e97}</UniqueIdentifier>
    </Filter>
    <Filter Include="Network">
      <UniqueIdentifier>{58a76034-fe09-41c3-87ea-39ab529a0925}</UniqueIdentifier>
    </Filter>
    <Filter Include="Game\MultiPlay">
      <UniqueIdentifier>{9d1731da-4ee8-4ed4-8cc9-fecd64bc2db8}</UniqueIdentifier>
    </Filter>
    <Filter Include="Game\Scene">
      <UniqueIdentifier>{1cebd8d3-b880-4e75-9c7d-2a507d8dd843}</UniqueIdentifier>
    </Filter>
    <Filter Include="Game\SinglePlay">
      <UniqueIdentifier>{9d218532-7dd7-4cd4-b43c-ff2a615421e6}</UniqueIdentifier>
    </Filter>
    <Filter Include="Game\Component">
      <UniqueIdentifier>{9e639b63-e4d1-4a14-a9ba-fb422d9ef94a}</UniqueIdentifier>
    </Filter>
    <Filter Include="Game\Component\Map">
      <UniqueIdentifier>{3cead3ac-e92d-44a1-9beb-dcafdca7d98a}</UniqueIdentifier>
    </Filter>
    <Filter Include="Game\Component\Skill">
      <UniqueIdentifier>{d40cfdb1-1860-4226-9479-48753cc453d5}</UniqueIdentifier>
    </Filter>
    <Filter Include="Game\Component\Effect">
      <UniqueIdentifier>{f0a0d55d-44b7-415e-babe-ec72683434c4}</UniqueIdentifier>
    </Filter>
    <Filter Include="Game\Component\Object">
      <UniqueIdentifier>{945b4f14-0b3b-446f-b8d9-21ae9199c969}</UniqueIdentifier>
    </Filter>
    <Filter Include="Game\Component\Object\Obstruction">
      <UniqueIdentifier>{dc02d778-62f7-4365-b0fb-82ca3366056f}</UniqueIdentifier>
    </Filter>
    <Filter Include="Game\Component\Object\Missile">
      <UniqueIdentifier>{da7bc9c2-03c2-4252-8851-02ab3e1f4a19}</UniqueIdentifier>
    </Filter>
    <Filter Include="Game\Component\Object\Hero">
      <UniqueIdentifier>{be9803bf-c0cc-4e34-a7d6-6fda2ac24ca9}</UniqueIdentifier>
    </Filter>
    <Filter Include="Game\Component\Player">
      <UniqueIdentifier>{658a76a3-8cc3-40a2-80dc-2c3f46f9821b}</UniqueIdentifier>
    </Filter>
    <Filter Include="Game\Component\Skill\ShootType">
      <UniqueIdentifier>{60123690-516a-4373-8779-c201ab14c357}</UniqueIdentifier>
    </Filter>
    <Filter Include="Game\Component\Mouse">
      <UniqueIdentifier>{acf579fa-1a71-452d-83f6-cc067a3af5ac}</UniqueIdentifier>
    </Filter>
  </ItemGroup>
  <ItemGroup>
    <ClCompile Include="main.cpp">
      <Filter>Base\win32</Filter>
    </ClCompile>
    <ClCompile Include="..\Classes\AppDelegate.cpp">
      <Filter>Base</Filter>
    </ClCompile>
    <ClCompile Include="..\Classes\GameManager.cpp">
      <Filter>Game\Manager</Filter>
    </ClCompile>
    <ClCompile Include="..\Classes\UILayer.cpp">
      <Filter>Game\UI</Filter>
    </ClCompile>
    <ClCompile Include="..\Classes\InputManager.cpp">
      <Filter>Game\Manager</Filter>
    </ClCompile>
    <ClCompile Include="..\Classes\MapLayer.cpp">
      <Filter>Game\Component\Map</Filter>
    </ClCompile>
    <ClCompile Include="..\Classes\Unit.cpp">
      <Filter>Game\Component\Object</Filter>
    </ClCompile>
    <ClCompile Include="..\Classes\CircularBuffer.cpp">
      <Filter>Network</Filter>
    </ClCompile>
    <ClCompile Include="..\Classes\TcpClient.cpp">
      <Filter>Network</Filter>
    </ClCompile>
    <ClCompile Include="..\Classes\ListenerLayer.cpp">
      <Filter>Game\MultiPlay</Filter>
    </ClCompile>
    <ClCompile Include="..\Classes\PhysicsLayer.cpp">
      <Filter>Game\SinglePlay</Filter>
    </ClCompile>
    <ClCompile Include="..\Classes\MainScene.cpp">
      <Filter>Game\Scene</Filter>
    </ClCompile>
    <ClCompile Include="..\Classes\NetworkScene.cpp">
      <Filter>Game\Scene</Filter>
    </ClCompile>
    <ClCompile Include="..\Classes\RoomScene.cpp">
      <Filter>Game\Scene</Filter>
    </ClCompile>
    <ClCompile Include="..\Classes\LoadingBGLayer.cpp">
      <Filter>Game\UI</Filter>
    </ClCompile>
    <ClCompile Include="..\Classes\SingleGameScene.cpp">
      <Filter>Game\SinglePlay</Filter>
    </ClCompile>
    <ClCompile Include="..\Classes\MultiGameScene.cpp">
      <Filter>Game\MultiPlay</Filter>
    </ClCompile>
    <ClCompile Include="pch.cpp">
      <Filter>Base\win32</Filter>
    </ClCompile>
    <ClCompile Include="..\Classes\FSM.cpp">
      <Filter>Game\Component\Object</Filter>
    </ClCompile>
    <ClCompile Include="..\Classes\ObjectLayer.cpp">
      <Filter>Game\Component\Object</Filter>
    </ClCompile>
    <ClCompile Include="..\Classes\FireballMissile.cpp">
      <Filter>Game\Component\Object\Missile</Filter>
    </ClCompile>
    <ClCompile Include="..\Classes\FireballSkill.cpp">
      <Filter>Game\Component\Skill\ShootType</Filter>
    </ClCompile>
    <ClCompile Include="..\Classes\Missile.cpp">
      <Filter>Game\Component\Object\Missile</Filter>
    </ClCompile>
    <ClCompile Include="..\Classes\ShootType.cpp">
      <Filter>Game\Component\Skill\ShootType</Filter>
    </ClCompile>
    <ClCompile Include="..\Classes\Skill.cpp">
      <Filter>Game\Component\Skill</Filter>
    </ClCompile>
    <ClCompile Include="..\Classes\Effect.cpp">
      <Filter>Game\Component\Effect</Filter>
    </ClCompile>
    <ClCompile Include="..\Classes\Player.cpp">
      <Filter>Game\Component\Player</Filter>
    </ClCompile>
    <ClCompile Include="..\Classes\Magician.cpp">
      <Filter>Game\Component\Object\Hero</Filter>
    </ClCompile>
    <ClCompile Include="..\Classes\Hero.cpp">
      <Filter>Game\Component\Object\Hero</Filter>
    </ClCompile>
    <ClCompile Include="..\Classes\IceballMissile.cpp">
      <Filter>Game\Component\Object\Missile</Filter>
    </ClCompile>
    <ClCompile Include="..\Classes\MissileManager.cpp">
      <Filter>Game\Manager</Filter>
    </ClCompile>
  </ItemGroup>
  <ItemGroup>
    <ClInclude Include="main.h">
      <Filter>Base\win32</Filter>
    </ClInclude>
    <ClInclude Include="..\Classes\AppDelegate.h">
      <Filter>Base</Filter>
    </ClInclude>
    <ClInclude Include="..\Classes\Enums.h">
      <Filter>Game</Filter>
    </ClInclude>
    <ClInclude Include="..\Classes\GameManager.h">
      <Filter>Game\Manager</Filter>
    </ClInclude>
    <ClInclude Include="..\Classes\UILayer.h">
      <Filter>Game\UI</Filter>
    </ClInclude>
    <ClInclude Include="..\Classes\InputManager.h">
      <Filter>Game\Manager</Filter>
    </ClInclude>
    <ClInclude Include="..\Classes\MapLayer.h">
      <Filter>Game\Component\Map</Filter>
    </ClInclude>
    <ClInclude Include="..\Classes\Unit.h">
      <Filter>Game\Component\Object</Filter>
    </ClInclude>
    <ClInclude Include="..\Classes\CircularBuffer.h">
      <Filter>Network</Filter>
    </ClInclude>
    <ClInclude Include="..\Classes\TcpClient.h">
      <Filter>Network</Filter>
    </ClInclude>
    <ClInclude Include="..\..\PacketType.h">
      <Filter>Network</Filter>
    </ClInclude>
    <ClInclude Include="..\Classes\ListenerLayer.h">
      <Filter>Game\MultiPlay</Filter>
    </ClInclude>
    <ClInclude Include="..\Classes\PhysicsLayer.h">
      <Filter>Game\SinglePlay</Filter>
    </ClInclude>
    <ClInclude Include="..\Classes\MainScene.h">
      <Filter>Game\Scene</Filter>
    </ClInclude>
    <ClInclude Include="..\Classes\NetworkScene.h">
      <Filter>Game\Scene</Filter>
    </ClInclude>
    <ClInclude Include="..\Classes\RoomScene.h">
      <Filter>Game\Scene</Filter>
    </ClInclude>
    <ClInclude Include="..\Classes\LoadingBGLayer.h">
      <Filter>Game\UI</Filter>
    </ClInclude>
    <ClInclude Include="..\Classes\SingleGameScene.h">
      <Filter>Game\SinglePlay</Filter>
    </ClInclude>
    <ClInclude Include="..\Classes\MultiGameScene.h">
      <Filter>Game\MultiPlay</Filter>
    </ClInclude>
    <ClInclude Include="pch.h">
      <Filter>Base\win32</Filter>
    </ClInclude>
    <ClInclude Include="..\Classes\ObjectLayer.h">
      <Filter>Game\Component\Object</Filter>
    </ClInclude>
    <ClInclude Include="..\Classes\FireballMissile.h">
      <Filter>Game\Component\Object\Missile</Filter>
    </ClInclude>
    <ClInclude Include="..\Classes\FireballSkill.h">
      <Filter>Game\Component\Skill\ShootType</Filter>
    </ClInclude>
    <ClInclude Include="..\Classes\Missile.h">
      <Filter>Game\Component\Object\Missile</Filter>
    </ClInclude>
    <ClInclude Include="..\Classes\ShootType.h">
      <Filter>Game\Component\Skill\ShootType</Filter>
    </ClInclude>
    <ClInclude Include="..\Classes\Skill.h">
      <Filter>Game\Component\Skill</Filter>
    </ClInclude>
    <ClInclude Include="..\Classes\Effect.h">
      <Filter>Game\Component\Effect</Filter>
    </ClInclude>
    <ClInclude Include="..\Classes\Player.h">
      <Filter>Game\Component\Player</Filter>
    </ClInclude>
    <ClInclude Include="..\..\Shared\FSM.h">
      <Filter>Game\Component\Object</Filter>
    </ClInclude>
    <ClInclude Include="..\Classes\Magician.h">
      <Filter>Game\Component\Object\Hero</Filter>
    </ClInclude>
    <ClInclude Include="..\Classes\Hero.h">
      <Filter>Game\Component\Object\Hero</Filter>
    </ClInclude>
    <ClInclude Include="..\Classes\IceballMissile.h">
      <Filter>Game\Component\Object\Missile</Filter>
    </ClInclude>
    <ClInclude Include="..\Classes\MissileManager.h">
      <Filter>Game\Manager</Filter>
    </ClInclude>
  </ItemGroup>
  <ItemGroup>
    <ResourceCompile Include="game.rc">
      <Filter>Base\resource</Filter>
    </ResourceCompile>
  </ItemGroup>
</Project>